# THIS IS AN AUTOGENERATED FILE. DO NOT EDIT THIS FILE DIRECTLY.
# yarn lockfile v1


"@types/node@10.14.6":
  version "10.14.6"
  resolved "https://registry.yarnpkg.com/@types/node/-/node-10.14.6.tgz#9cbfcb62c50947217f4d88d4d274cc40c22625a9"
  integrity sha512-Fvm24+u85lGmV4hT5G++aht2C5I4Z4dYlWZIh62FAfFO/TfzXtPpoLI6I7AuBWkIFqZCnhFOoTT7RjjaIL5Fjg==

bintrees@1.0.1:
  version "1.0.1"
  resolved "https://registry.yarnpkg.com/bintrees/-/bintrees-1.0.1.tgz#0e655c9b9c2435eaab68bf4027226d2b55a34524"
  integrity sha1-DmVcm5wkNeqraL9AJyJtK1WjRSQ=

prom-client@11.2.1:
  version "11.2.1"
  resolved "https://registry.yarnpkg.com/prom-client/-/prom-client-11.2.1.tgz#486e7817de9b1d43c0a12aee26fc68830f4d1b16"
  integrity sha512-7VwtjrkQS50NvDoeYNn2z6wzXB5BMGzUlmMOeLPaITtJsTVXnPywRta7QFiV4pKr0fbRx9oDfUcx1xibabjSAg==
  dependencies:
    tdigest "^0.1.1"

tdigest@^0.1.1:
  version "0.1.1"
  resolved "https://registry.yarnpkg.com/tdigest/-/tdigest-0.1.1.tgz#2e3cb2c39ea449e55d1e6cd91117accca4588021"
  integrity sha1-Ljyyw56kSeVdHmzZEReszKRYgCE=
  dependencies:
    bintrees "1.0.1"

typescript@3.2.4:
  version "3.2.4"
  resolved "https://registry.yarnpkg.com/typescript/-/typescript-3.2.4.tgz#c585cb952912263d915b462726ce244ba510ef3d"
  integrity sha512-0RNDbSdEokBeEAkgNbxJ+BLwSManFy9TeXz8uW+48j/xhEXv1ePME60olyzw2XzUqUBNAYFeJadIqAgNqIACwg==
