# THIS IS AN AUTOGENERATED FILE. DO NOT EDIT THIS FILE DIRECTLY.
# yarn lockfile v1


"@types/node@10.12.19":
  version "10.12.19"
  resolved "https://registry.yarnpkg.com/@types/node/-/node-10.12.19.tgz#ca1018c26be01f07e66ac7fefbeb6407e4490c61"
  integrity sha512-2NVovndCjJQj6fUUn9jCgpP4WSqr+u1SoUZMZyJkhGeBFsm6dE46l31S7lPUYt9uQ28XI+ibrJA1f5XyH5HNtA==

bintrees@1.0.1:
  version "1.0.1"
  resolved "https://registry.yarnpkg.com/bintrees/-/bintrees-1.0.1.tgz#0e655c9b9c2435eaab68bf4027226d2b55a34524"
  integrity sha1-DmVcm5wkNeqraL9AJyJtK1WjRSQ=

prom-client@11.3.0:
  version "11.3.0"
  resolved "https://registry.yarnpkg.com/prom-client/-/prom-client-11.3.0.tgz#fe93f360182f1ec1921722efc211a6c0e68e0253"
  integrity sha512-OqSf5WOvpGZXkfqPXUHNHpjrbEE/q8jxjktO0i7zg1cnULAtf0ET67/J5R4e4iA4MZx2260tzTzSFSWgMdTZmQ==
  dependencies:
    tdigest "^0.1.1"

tdigest@^0.1.1:
  version "0.1.1"
  resolved "https://registry.yarnpkg.com/tdigest/-/tdigest-0.1.1.tgz#2e3cb2c39ea449e55d1e6cd91117accca4588021"
  integrity sha1-Ljyyw56kSeVdHmzZEReszKRYgCE=
  dependencies:
    bintrees "1.0.1"

typescript@3.2.4:
  version "3.2.4"
  resolved "https://registry.yarnpkg.com/typescript/-/typescript-3.2.4.tgz#c585cb952912263d915b462726ce244ba510ef3d"
  integrity sha512-0RNDbSdEokBeEAkgNbxJ+BLwSManFy9TeXz8uW+48j/xhEXv1ePME60olyzw2XzUqUBNAYFeJadIqAgNqIACwg==
